version = 1
revision = 3
requires-python = "==3.11.*"

[[package]]
name = "alembic"
version = "1.18.4"
source = { registry = "https://pypi.org/simple" }
dependencies = [
    { name = "mako" },
    { name = "sqlalchemy" },
    { name = "typing-extensions" },
]
sdist = { url = "https://files.pythonhosted.org/packages/94/13/8b084e0f2efb0275a1d534838844926f798bd766566b1375174e2448cd31/alembic-1.18.4.tar.gz", hash = "sha256:cb6e1fd84b6174ab8dbb2329f86d631ba9559dd78df550b57804d607672cedbc", size = 2056725, upload-time = "2026-02-10T16:00:47.195Z" }
wheels = [
    { url = "https://files.pythonhosted.org/packages/d2/29/6533c317b74f707ea28f8d633734dbda2119bbadfc61b2f3640ba835d0f7/alembic-1.18.4-py3-none-any.whl", hash = "sha256:a5ed4adcf6d8a4cb575f3d759f071b03cd6e5c7618eb796cb52497be25bfe19a", size = 263893, upload-time = "2026-02-10T16:00:49.997Z" },
]

[[package]]
name = "blinker"
version = "1.9.0"
source = { registry = "https://pypi.org/simple" }
sdist = { url = "https://files.pythonhosted.org/packages/21/28/9b3f50ce0e048515135495f198351908d99540d69bfdc8c1d15b73dc55ce/blinker-1.9.0.tar.gz", hash = "sha256:b4ce2265a7abece45e7cc896e98dbebe6cead56bcf805a3d23136d145f5445bf", size = 22460, upload-time = "2024-11-08T17:25:47.436Z" }
wheels = [
    { url = "https://files.pythonhosted.org/packages/10/cb/f2ad4230dc2eb1a74edf38f1a38b9b52277f75bef262d8908e60d957e13c/blinker-1.9.0-py3-none-any.whl", hash = "sha256:ba0efaa9080b619ff2f3459d1d500c57bddea4a6b424b60a91141db6fd2f08bc", size = 8458, upload-time = "2024-11-08T17:25:46.184Z" },
]

[[package]]
name = "cachelib"
version = "0.13.0"
source = { registry = "https://pypi.org/simple" }
sdist = { url = "https://files.pythonhosted.org/packages/1d/69/0b5c1259e12fbcf5c2abe5934b5c0c1294ec0f845e2b4b2a51a91d79a4fb/cachelib-0.13.0.tar.gz", hash = "sha256:209d8996e3c57595bee274ff97116d1d73c4980b2fd9a34c7846cd07fd2e1a48", size = 34418, upload-time = "2024-04-13T14:18:27.782Z" }
wheels = [
    { url = "https://files.pythonhosted.org/packages/9b/42/960fc9896ddeb301716fdd554bab7941c35fb90a1dc7260b77df3366f87f/cachelib-0.13.0-py3-none-any.whl", hash = "sha256:8c8019e53b6302967d4e8329a504acf75e7bc46130291d30188a6e4e58162516", size = 20914, upload-time = "2024-04-13T14:18:26.361Z" },
]

[[package]]
name = "certifi"
version = "2026.4.22"
source = { registry = "https://pypi.org/simple" }
sdist = { url = "https://files.pythonhosted.org/packages/25/ee/6caf7a40c36a1220410afe15a1cc64993a1f864871f698c0f93acb72842a/certifi-2026.4.22.tar.gz", hash = "sha256:8d455352a37b71bf76a79caa83a3d6c25afee4a385d632127b6afb3963f1c580", size = 137077, upload-time = "2026-04-22T11:26:11.191Z" }
wheels = [
    { url = "https://files.pythonhosted.org/packages/22/30/7cd8fdcdfbc5b869528b079bfb76dcdf6056b1a2097a662e5e8c04f42965/certifi-2026.4.22-py3-none-any.whl", hash = "sha256:3cb2210c8f88ba2318d29b0388d1023c8492ff72ecdde4ebdaddbb13a31b1c4a", size = 135707, upload-time = "2026-04-22T11:26:09.372Z" },
]

[[package]]
name = "charset-normalizer"
version = "3.4.7"
source = { registry = "https://pypi.org/simple" }
sdist = { url = "https://files.pythonhosted.org/packages/e7/a1/67fe25fac3c7642725500a3f6cfe5821ad557c3abb11c9d20d12c7008d3e/charset_normalizer-3.4.7.tar.gz", hash = "sha256:ae89db9e5f98a11a4bf50407d4363e7b09b31e55bc117b4f7d80aab97ba009e5", size = 144271, upload-time = "2026-04-02T09:28:39.342Z" }
wheels = [
    { url = "https://files.pythonhosted.org/packages/c2/d7/b5b7020a0565c2e9fa8c09f4b5fa6232feb326b8c20081ccded47ea368fd/charset_normalizer-3.4.7-cp311-cp311-macosx_10_9_universal2.whl", hash = "sha256:7641bb8895e77f921102f72833904dcd9901df5d6d72a2ab8f31d04b7e51e4e7", size = 309705, upload-time = "2026-04-02T09:26:02.191Z" },
    { url = "https://files.pythonhosted.org/packages/5a/53/58c29116c340e5456724ecd2fff4196d236b98f3da97b404bc5e51ac3493/charset_normalizer-3.4.7-cp311-cp311-manylinux2014_aarch64.manylinux_2_17_aarch64.manylinux_2_28_aarch64.whl", hash = "sha256:202389074300232baeb53ae2569a60901f7efadd4245cf3a3bf0617d60b439d7", size = 206419, upload-time = "2026-04-02T09:26:03.583Z" },
    { url = "https://files.pythonhosted.org/packages/b2/02/e8146dc6591a37a00e5144c63f29fb7c97a734ea8a111190783c0e60ab63/charset_normalizer-3.4.7-cp311-cp311-manylinux2014_ppc64le.manylinux_2_17_ppc64le.manylinux_2_28_ppc64le.whl", hash = "sha256:30b8d1d8c52a48c2c5690e152c169b673487a2a58de1ec7393196753063fcd5e", size = 227901, upload-time = "2026-04-02T09:26:04.738Z" },
    { url = "https://files.pythonhosted.org/packages/fb/73/77486c4cd58f1267bf17db420e930c9afa1b3be3fe8c8b8ebbebc9624359/charset_normalizer-3.4.7-cp311-cp311-manylinux2014_s390x.manylinux_2_17_s390x.manylinux_2_28_s390x.whl", hash = "sha256:532bc9bf33a68613fd7d65e4b1c71a6a38d7d42604ecf239c77392e9b4e8998c", size = 222742, upload-time = "2026-04-02T09:26:06.36Z" },
    { url = "https://files.pythonhosted.org/packages/a1/fa/f74eb381a7d94ded44739e9d94de18dc5edc9c17fb8c11f0a6890696c0a9/charset_normalizer-3.4.7-cp311-cp311-manylinux2014_x86_64.manylinux_2_17_x86_64.manylinux_2_28_x86_64.whl", hash = "sha256:2fe249cb4651fd12605b7288b24751d8bfd46d35f12a20b1ba33dea122e690df", size = 214061, upload-time = "2026-04-02T09:26:08.347Z" },
    { url = "https://files.pythonhosted.org/packages/dc/92/42bd3cefcf7687253fb86694b45f37b733c97f59af3724f356fa92b8c344/charset_normalizer-3.4.7-cp311-cp311-manylinux_2_31_armv7l.whl", hash = "sha256:65bcd23054beab4d166035cabbc868a09c1a49d1efe458fe8e4361215df40265", size = 199239, upload-time = "2026-04-02T09:26:09.823Z" },
    { url = "https://files.pythonhosted.org/packages/4c/3d/069e7184e2aa3b3cddc700e3dd267413dc259854adc3380421c805c6a17d/charset_normalizer-3.4.7-cp311-cp311-manylinux_2_31_riscv64.manylinux_2_39_riscv64.whl", hash = "sha256:08e721811161356f97b4059a9ba7bafb23ea5ee2255402c42881c214e173c6b4", size = 210173, upload-time = "2026-04-02T09:26:10.953Z" },
    { url = "https://files.pythonhosted.org/packages/62/51/9d56feb5f2e7074c46f93e0ebdbe61f0848ee246e2f0d89f8e20b89ebb8f/charset_normalizer-3.4.7-cp311-cp311-musllinux_1_2_aarch64.whl", hash = "sha256:e060d01aec0a910bdccb8be71faf34e7799ce36950f8294c8bf612cba65a2c9e", size = 209841, upload-time = "2026-04-02T09:26:12.142Z" },
    { url = "https://files.pythonhosted.org/packages/d2/59/893d8f99cc4c837dda1fe2f1139079703deb9f321aabcb032355de13b6c7/charset_normalizer-3.4.7-cp311-cp311-musllinux_1_2_armv7l.whl", hash = "sha256:38c0109396c4cfc574d502df99742a45c72c08eff0a36158b6f04000043dbf38", size = 200304, upload-time = "2026-04-02T09:26:13.711Z" },
    { url = "https://files.pythonhosted.org/packages/7d/1d/ee6f3be3464247578d1ed5c46de545ccc3d3ff933695395c402c21fa6b77/charset_normalizer-3.4.7-cp311-cp311-musllinux_1_2_ppc64le.whl", hash = "sha256:1c2a768fdd44ee4a9339a9b0b130049139b8ce3c01d2ce09f67f5a68048d477c", size = 229455, upload-time = "2026-04-02T09:26:14.941Z" },
    { url = "https://files.pythonhosted.org/packages/54/bb/8fb0a946296ea96a488928bdce8ef99023998c48e4713af533e9bb98ef07/charset_normalizer-3.4.7-cp311-cp311-musllinux_1_2_riscv64.whl", hash = "sha256:1a87ca9d5df6fe460483d9a5bbf2b18f620cbed41b432e2bddb686228282d10b", size = 210036, upload-time = "2026-04-02T09:26:16.478Z" },
    { url = "https://files.pythonhosted.org/packages/9a/bc/015b2387f913749f82afd4fcba07846d05b6d784dd16123cb66860e0237d/charset_normalizer-3.4.7-cp311-cp311-musllinux_1_2_s390x.whl", hash = "sha256:d635aab80466bc95771bb78d5370e74d36d1fe31467b6b29b8b57b2a3cd7d22c", size = 224739, upload-time = "2026-04-02T09:26:17.751Z" },
    { url = "https://files.pythonhosted.org/packages/17/ab/63133691f56baae417493cba6b7c641571a2130eb7bceba6773367ab9ec5/charset_normalizer-3.4.7-cp311-cp311-musllinux_1_2_x86_64.whl", hash = "sha256:ae196f021b5e7c78e918242d217db021ed2a6ace2bc6ae94c0fc596221c7f58d", size = 216277, upload-time = "2026-04-02T09:26:18.981Z" },
    { url = "https://files.pythonhosted.org/packages/06/6d/3be70e827977f20db77c12a97e6a9f973631a45b8d186c084527e53e77a4/charset_normalizer-3.4.7-cp311-cp311-win32.whl", hash = "sha256:adb2597b428735679446b46c8badf467b4ca5f5056aae4d51a19f9570301b1ad", size = 147819, upload-time = "2026-04-02T09:26:20.295Z" },
    { url = "https://files.pythonhosted.org/packages/20/d9/5f67790f06b735d7c7637171bbfd89882ad67201891b7275e51116ed8207/charset_normalizer-3.4.7-cp311-cp311-win_amd64.whl", hash = "sha256:8e385e4267ab76874ae30db04c627faaaf0b509e1ccc11a95b3fc3e83f855c00", size = 159281, upload-time = "2026-04-02T09:26:21.74Z" },
    { url = "https://files.pythonhosted.org/packages/ca/83/6413f36c5a34afead88ce6f66684d943d91f233d76dd083798f9602b75ae/charset_normalizer-3.4.7-cp311-cp311-win_arm64.whl", hash = "sha256:d4a48e5b3c2a489fae013b7589308a40146ee081f6f509e047e0e096084ceca1", size = 147843, upload-time = "2026-04-02T09:26:22.901Z" },
    { url = "https://files.pythonhosted.org/packages/db/8f/61959034484a4a7c527811f4721e75d02d653a35afb0b6054474d8185d4c/charset_normalizer-3.4.7-py3-none-any.whl", hash = "sha256:3dce51d0f5e7951f8bb4900c257dad282f49190fdbebecd4ba99bcc41fef404d", size = 61958, upload-time = "2026-04-02T09:28:37.794Z" },
]

[[package]]
name = "chatstream-moderate"
version = "0.1.0"
source = { virtual = "." }
dependencies = [
    { name = "alembic" },
    { name = "flask" },
    { name = "flask-migrate" },
    { name = "flask-session" },
    { name = "flask-sqlalchemy" },
    { name = "lingua-language-detector" },
    { name = "nh3" },
    { name = "pymysql" },
    { name = "requests" },
    { name = "sqlalchemy" },
]

[package.dev-dependencies]
dev = [
    { name = "pytest" },
]

[package.metadata]
requires-dist = [
    { name = "alembic", specifier = ">=1.13" },
    { name = "flask", specifier = ">=3.1" },
    { name = "flask-migrate", specifier = ">=4.0" },
    { name = "flask-session", specifier = ">=0.8" },
    { name = "flask-sqlalchemy", specifier = ">=3.1" },
    { name = "lingua-language-detector", specifier = ">=2.0" },
    { name = "nh3", specifier = ">=0.2" },
    { name = "pymysql", specifier = ">=1.1" },
    { name = "requests", specifier = ">=2.31" },
    { name = "sqlalchemy", specifier = ">=2.0" },
]

[package.metadata.requires-dev]
dev = [{ name = "pytest", specifier = ">=8.0" }]

[[package]]
name = "click"
version = "8.3.3"
source = { registry = "https://pypi.org/simple" }
dependencies = [
    { name = "colorama", marker = "sys_platform == 'win32'" },
]
sdist = { url = "https://files.pythonhosted.org/packages/bb/63/f9e1ea081ce35720d8b92acde70daaedace594dc93b693c869e0d5910718/click-8.3.3.tar.gz", hash = "sha256:398329ad4837b2ff7cbe1dd166a4c0f8900c3ca3a218de04466f38f6497f18a2", size = 328061, upload-time = "2026-04-22T15:11:27.506Z" }
wheels = [
    { url = "https://files.pythonhosted.org/packages/ae/44/c1221527f6a71a01ec6fbad7fa78f1d50dfa02217385cf0fa3eec7087d59/click-8.3.3-py3-none-any.whl", hash = "sha256:a2bf429bb3033c89fa4936ffb35d5cb471e3719e1f3c8a7c3fff0b8314305613", size = 110502, upload-time = "2026-04-22T15:11:25.044Z" },
]

[[package]]
name = "colorama"
version = "0.4.6"
source = { registry = "https://pypi.org/simple" }
sdist = { url = "https://files.pythonhosted.org/packages/d8/53/6f443c9a4a8358a93a6792e2acffb9d9d5cb0a5cfd8802644b7b1c9a02e4/colorama-0.4.6.tar.gz", hash = "sha256:08695f5cb7ed6e0531a20572697297273c47b8cae5a63ffc6d6ed5c201be6e44", size = 27697, upload-time = "2022-10-25T02:36:22.414Z" }
wheels = [
    { url = "https://files.pythonhosted.org/packages/d1/d6/3965ed04c63042e047cb6a3e6ed1a63a35087b6a609aa3a15ed8ac56c221/colorama-0.4.6-py2.py3-none-any.whl", hash = "sha256:4f1d9991f5acc0ca119f9d443620b77f9d6b33703e51011c16baf57afb285fc6", size = 25335, upload-time = "2022-10-25T02:36:20.889Z" },
]

[[package]]
name = "flask"
version = "3.1.3"
source = { registry = "https://pypi.org/simple" }
dependencies = [
    { name = "blinker" },
    { name = "click" },
    { name = "itsdangerous" },
    { name = "jinja2" },
    { name = "markupsafe" },
    { name = "werkzeug" },
]
sdist = { url = "https://files.pythonhosted.org/packages/26/00/35d85dcce6c57fdc871f3867d465d780f302a175ea360f62533f12b27e2b/flask-3.1.3.tar.gz", hash = "sha256:0ef0e52b8a9cd932855379197dd8f94047b359ca0a78695144304cb45f87c9eb", size = 759004, upload-time = "2026-02-19T05:00:57.678Z" }
wheels = [
    { url = "https://files.pythonhosted.org/packages/7f/9c/34f6962f9b9e9c71f6e5ed806e0d0ff03c9d1b0b2340088a0cf4bce09b18/flask-3.1.3-py3-none-any.whl", hash = "sha256:f4bcbefc124291925f1a26446da31a5178f9483862233b23c0c96a20701f670c", size = 103424, upload-time = "2026-02-19T05:00:56.027Z" },
]

[[package]]
name = "flask-migrate"
version = "4.1.0"
source = { registry = "https://pypi.org/simple" }
dependencies = [
    { name = "alembic" },
    { name = "flask" },
    { name = "flask-sqlalchemy" },
]
sdist = { url = "https://files.pythonhosted.org/packages/5a/8e/47c7b3c93855ceffc2eabfa271782332942443321a07de193e4198f920cf/flask_migrate-4.1.0.tar.gz", hash = "sha256:1a336b06eb2c3ace005f5f2ded8641d534c18798d64061f6ff11f79e1434126d", size = 21965, upload-time = "2025-01-10T18:51:11.848Z" }
wheels = [
    { url = "https://files.pythonhosted.org/packages/d2/c4/3f329b23d769fe7628a5fc57ad36956f1fb7132cf8837be6da762b197327/Flask_Migrate-4.1.0-py3-none-any.whl", hash = "sha256:24d8051af161782e0743af1b04a152d007bad9772b2bca67b7ec1e8ceeb3910d", size = 21237, upload-time = "2025-01-10T18:51:09.527Z" },
]

[[package]]
name = "flask-session"
version = "0.8.0"
source = { registry = "https://pypi.org/simple" }
dependencies = [
    { name = "cachelib" },
    { name = "flask" },
    { name = "msgspec" },
]
sdist = { url = "https://files.pythonhosted.org/packages/86/d7/0ba4180513abe28eadc208123c76f9f09e290d5939fb2eb68323b9733354/flask_session-0.8.0.tar.gz", hash = "sha256:20e045eb01103694e70be4a49f3a80dbb1b57296a22dc6f44bbf3f83ef0742ff", size = 940269, upload-time = "2024-03-26T07:56:13.747Z" }
wheels = [
    { url = "https://files.pythonhosted.org/packages/67/1b/f085ceebb825d1cfaf078852b67cd248a33af2905f40ba9860cc006d966b/flask_session-0.8.0-py3-none-any.whl", hash = "sha256:5dae6e9ddab334f8dc4dea4305af37851f4e7dc0f484caf3351184001195e3b7", size = 24410, upload-time = "2024-03-26T07:56:11.377Z" },
]

[[package]]
name = "flask-sqlalchemy"
version = "3.1.1"
source = { registry = "https://pypi.org/simple" }
dependencies = [
    { name = "flask" },
    { name = "sqlalchemy" },
]
sdist = { url = "https://files.pythonhosted.org/packages/91/53/b0a9fcc1b1297f51e68b69ed3b7c3c40d8c45be1391d77ae198712914392/flask_sqlalchemy-3.1.1.tar.gz", hash = "sha256:e4b68bb881802dda1a7d878b2fc84c06d1ee57fb40b874d3dc97dabfa36b8312", size = 81899, upload-time = "2023-09-11T21:42:36.147Z" }
wheels = [
    { url = "https://files.pythonhosted.org/packages/1d/6a/89963a5c6ecf166e8be29e0d1bf6806051ee8fe6c82e232842e3aeac9204/flask_sqlalchemy-3.1.1-py3-none-any.whl", hash = "sha256:4ba4be7f419dc72f4efd8802d69974803c37259dd42f3913b0dcf75c9447e0a0", size = 25125, upload-time = "2023-09-11T21:42:34.514Z" },
]

[[package]]
name = "greenlet"
version = "3.5.0"
source = { registry = "https://pypi.org/simple" }
sdist = { url = "https://files.pythonhosted.org/packages/3c/3f/dbf99fb14bfeb88c28f16729215478c0e265cacd6dc22270c8f31bb6892f/greenlet-3.5.0.tar.gz", hash = "sha256:d419647372241bc68e957bf38d5c1f98852155e4146bd1e4121adea81f4f01e4", size = 196995, upload-time = "2026-04-27T13:37:15.544Z" }
wheels = [
    { url = "https://files.pythonhosted.org/packages/8b/0f/a91f143f356523ff682309732b175765a9bc2836fd7c081c2c67fedc1ad4/greenlet-3.5.0-cp311-cp311-macosx_11_0_universal2.whl", hash = "sha256:8f1cc966c126639cd152fdaa52624d2655f492faa79e013fea161de3e6dda082", size = 284726, upload-time = "2026-04-27T12:20:51.402Z" },
    { url = "https://files.pythonhosted.org/packages/95/82/800646c7ffc5dbabd75ddd2f6b519bb898c0c9c969e5d0473bfe5d20bcce/greenlet-3.5.0-cp311-cp311-manylinux_2_24_aarch64.manylinux_2_28_aarch64.whl", hash = "sha256:362624e6a8e5bca3b8233e45eef33903a100e9539a2b995c364d595dbc4018b3", size = 604264, upload-time = "2026-04-27T12:52:39.494Z" },
    { url = "https://files.pythonhosted.org/packages/ca/ac/354867c0bba812fc33b15bc55aedafedd0aee3c7dd91dfca22444157dc0c/greenlet-3.5.0-cp311-cp311-manylinux_2_24_ppc64le.manylinux_2_28_ppc64le.whl", hash = "sha256:5ecd83806b0f4c2f53b1018e0005cd82269ea01d42befc0368730028d850ed1c", size = 616099, upload-time = "2026-04-27T12:59:39.623Z" },
    { url = "https://files.pythonhosted.org/packages/ff/b0/815bece7399e01cadb69014219eebd0042339875c59a59b0820a46ece356/greenlet-3.5.0-cp311-cp311-manylinux_2_24_x86_64.manylinux_2_28_x86_64.whl", hash = "sha256:0ff251e9a0279522e62f6176412869395a64ddf2b5c5f782ff609a8216a4e662", size = 615198, upload-time = "2026-04-27T12:25:25.928Z" },
    { url = "https://files.pythonhosted.org/packages/10/80/3b2c0a895d6698f6ddb31b07942ebfa982f3e30888bc5546a5b5990de8b2/greenlet-3.5.0-cp311-cp311-musllinux_1_2_aarch64.whl", hash = "sha256:6d874e79afd41a96e11ff4c5d0bc90a80973e476fda1c2c64985667397df432b", size = 1574927, upload-time = "2026-04-27T12:53:25.81Z" },
    { url = "https://files.pythonhosted.org/packages/44/0e/f354af514a4c61454dbc68e44d47544a5a4d6317e30b77ddfa3a09f4c5f3/greenlet-3.5.0-cp311-cp311-musllinux_1_2_x86_64.whl", hash = "sha256:0ed006e4b86c59de7467eb2601cd1b77b5a7d657d1ee55e30fe30d76451edba4", size = 1642683, upload-time = "2026-04-27T12:25:23.9Z" },
    { url = "https://files.pythonhosted.org/packages/fa/6a/87f38255201e993a1915265ebb80cd7c2c78b04a45744995abbf6b259fd8/greenlet-3.5.0-cp311-cp311-win_amd64.whl", hash = "sha256:703cb211b820dbffbbc55a16bfc6e4583a6e6e990f33a119d2cc8b83211119c8", size = 238115, upload-time = "2026-04-27T12:21:48.845Z" },
    { url = "https://files.pythonhosted.org/packages/e3/f8/450fe3c5938fa737ea4d22699772e6e34e8e24431a47bf4e8a1ceed4a98e/greenlet-3.5.0-cp311-cp311-win_arm64.whl", hash = "sha256:6c18dfb59c70f5a94acd271c72e90128c3c776e41e5f07767908c8c1b74ad339", size = 235017, upload-time = "2026-04-27T12:22:26.768Z" },
]

[[package]]
name = "idna"
version = "3.13"
source = { registry = "https://pypi.org/simple" }
sdist = { url = "https://files.pythonhosted.org/packages/ce/cc/762dfb036166873f0059f3b7de4565e1b5bc3d6f28a414c13da27e442f99/idna-3.13.tar.gz", hash = "sha256:585ea8fe5d69b9181ec1afba340451fba6ba764af97026f92a91d4eef164a242", size = 194210, upload-time = "2026-04-22T16:42:42.314Z" }
wheels = [
    { url = "https://files.pythonhosted.org/packages/5d/13/ad7d7ca3808a898b4612b6fe93cde56b53f3034dcde235acb1f0e1df24c6/idna-3.13-py3-none-any.whl", hash = "sha256:892ea0cde124a99ce773decba204c5552b69c3c67ffd5f232eb7696135bc8bb3", size = 68629, upload-time = "2026-04-22T16:42:40.909Z" },
]

[[package]]
name = "iniconfig"
version = "2.3.0"
source = { registry = "https://pypi.org/simple" }
sdist = { url = "https://files.pythonhosted.org/packages/72/34/14ca021ce8e5dfedc35312d08ba8bf51fdd999c576889fc2c24cb97f4f10/iniconfig-2.3.0.tar.gz", hash = "sha256:c76315c77db068650d49c5b56314774a7804df16fee4402c1f19d6d15d8c4730", size = 20503, upload-time = "2025-10-18T21:55:43.219Z" }
wheels = [
    { url = "https://files.pythonhosted.org/packages/cb/b1/3846dd7f199d53cb17f49cba7e651e9ce294d8497c8c150530ed11865bb8/iniconfig-2.3.0-py3-none-any.whl", hash = "sha256:f631c04d2c48c52b84d0d0549c99ff3859c98df65b3101406327ecc7d53fbf12", size = 7484, upload-time = "2025-10-18T21:55:41.639Z" },
]

[[package]]
name = "itsdangerous"
version = "2.2.0"
source = { registry = "https://pypi.org/simple" }
sdist = { url = "https://files.pythonhosted.org/packages/9c/cb/8ac0172223afbccb63986cc25049b154ecfb5e85932587206f42317be31d/itsdangerous-2.2.0.tar.gz", hash = "sha256:e0050c0b7da1eea53ffaf149c0cfbb5c6e2e2b69c4bef22c81fa6eb73e5f6173", size = 54410, upload-time = "2024-04-16T21:28:15.614Z" }
wheels = [
    { url = "https://files.pythonhosted.org/packages/04/96/92447566d16df59b2a776c0fb82dbc4d9e07cd95062562af01e408583fc4/itsdangerous-2.2.0-py3-none-any.whl", hash = "sha256:c6242fc49e35958c8b15141343aa660db5fc54d4f13a1db01a3f5891b98700ef", size = 16234, upload-time = "2024-04-16T21:28:14.499Z" },
]

[[package]]
name = "jinja2"
version = "3.1.6"
source = { registry = "https://pypi.org/simple" }
dependencies = [
    { name = "markupsafe" },
]
sdist = { url = "https://files.pythonhosted.org/packages/df/bf/f7da0350254c0ed7c72f3e33cef02e048281fec7ecec5f032d4aac52226b/jinja2-3.1.6.tar.gz", hash = "sha256:0137fb05990d35f1275a587e9aee6d56da821fc83491a0fb838183be43f66d6d", size = 245115, upload-time = "2025-03-05T20:05:02.478Z" }
wheels = [
    { url = "https://files.pythonhosted.org/packages/62/a1/3d680cbfd5f4b8f15abc1d571870c5fc3e594bb582bc3b64ea099db13e56/jinja2-3.1.6-py3-none-any.whl", hash = "sha256:85ece4451f492d0c13c5dd7c13a64681a86afae63a5f347908daf103ce6d2f67", size = 134899, upload-time = "2025-03-05T20:05:00.369Z" },
]

[[package]]
name = "lingua-language-detector"
version = "2.1.1"
source = { registry = "https://pypi.org/simple" }
wheels = [
    { url = "https://files.pythonhosted.org/packages/c1/dd/f5ee4e6a07d5871d6c30a1ab6b58843bb87bb8a4a95cfd3de04919a01652/lingua_language_detector-2.1.1-cp311-cp311-macosx_10_12_x86_64.whl", hash = "sha256:cd9f734f67da00d37d93a1354f7c44d86c83b297cc078d7f31f1fd8a7deddef9", size = 96065409, upload-time = "2025-05-27T20:40:52.341Z" },
    { url = "https://files.pythonhosted.org/packages/a7/f6/1ab95d5bef46cf6e4386892ae8bd417372eb231610d297d4463c4941a70f/lingua_language_detector-2.1.1-cp311-cp311-macosx_11_0_arm64.whl", hash = "sha256:7e82bcb924d09e552a52bc79265d5e49a5863b6b7297524adc4fb7c4564ebb5d", size = 96721827, upload-time = "2025-05-27T20:40:58.367Z" },
    { url = "https://files.pythonhosted.org/packages/c4/81/2598350ecc0133a81c0f2ea63f2e7c4d58645837f37fabbd0c5c5521912f/lingua_language_detector-2.1.1-cp311-cp311-manylinux_2_17_aarch64.manylinux2014_aarch64.whl", hash = "sha256:e94ad32a46f04b670a939623b69d7d7008221d15e20b3d975d284304d9d6c788", size = 96161868, upload-time = "2025-05-27T20:41:04.485Z" },
    { url = "https://files.pythonhosted.org/packages/66/5e/e2a285f299f55532904e5a57985fbcda436396d4e4cb8dde959d9cf0533a/lingua_language_detector-2.1.1-cp311-cp311-manylinux_2_17_x86_64.manylinux2014_x86_64.whl", hash = "sha256:2a468c3fc9eaa6db733a347fee768fe171e76fac2c4bc49951e26bc79aec6a2a", size = 96234047, upload-time = "2025-05-27T20:41:10.359Z" },
    { url = "https://files.pythonhosted.org/packages/56/e7/1d0d145898716438a7ebdc4a57bf6f287bad839eb8ccee1dbb460fff9591/lingua_language_detector-2.1.1-cp311-cp311-musllinux_1_2_aarch64.whl", hash = "sha256:430e9e517427070f20d1b9eaff88633614d332cdcd119a519cefcd8c9f3d67e9", size = 96336336, upload-time = "2025-05-27T20:41:15.823Z" },
    { url = "https://files.pythonhosted.org/packages/d8/ee/13a61cbd2e2d1a3d9ac3d87ed2996e6cb7233e5d39dfb60bf77dc543dcb4/lingua_language_detector-2.1.1-cp311-cp311-musllinux_1_2_x86_64.whl", hash = "sha256:69a408fc0bb372a46afec6d0744077b9932c64df7c02ad517bf37c5c7e3734bb", size = 96405574, upload-time = "2025-05-27T20:41:21.232Z" },
    { url = "https://files.pythonhosted.org/packages/08/79/2b57032c1eee8c95b710a66a3d791bb8c9024def7aa7f1318209f3437bcc/lingua_language_detector-2.1.1-cp311-cp311-win_amd64.whl", hash = "sha256:fa3c9cfe7f7d9dc857ba22f14c2dfc7834e2dac131afaa737f3a59adae3ea553", size = 95870960, upload-time = "2025-05-27T20:41:26.734Z" },
    { url = "https://files.pythonhosted.org/packages/78/5a/d322b6606011ab86ca65a28e357b3fa177fccce704a2523d1607861e195f/lingua_language_detector-2.1.1-pp311-pypy311_pp73-macosx_10_12_x86_64.whl", hash = "sha256:c121e6340bb4cb051e1469adc4575790a94a47f03999155c028fd5cfb4a7516b", size = 96067286, upload-time = "2025-05-27T20:43:31.017Z" },
    { url = "https://files.pythonhosted.org/packages/4d/49/4647f3e482db0ab61c0f2ca395157062ef0fcf418e7dc0c89d54a53d0504/lingua_language_detector-2.1.1-pp311-pypy311_pp73-macosx_11_0_arm64.whl", hash = "sha256:d3790a8761c37d2c4c2aa287c1a6a1f8d3d5d9b0d74c276ffd37243385cc33f0", size = 96724272, upload-time = "2025-05-27T20:43:35.921Z" },
    { url = "https://files.pythonhosted.org/packages/09/14/8367387fea0ececc36a6cf551d188d83a28411e896d1235f3e24d63f99b3/lingua_language_detector-2.1.1-pp311-pypy311_pp73-manylinux_2_17_aarch64.manylinux2014_aarch64.whl", hash = "sha256:2477f75cc871d20bafdcb56f9d51be25d57c37d9ea5d7301cc592761dc68c963", size = 96163870, upload-time = "2025-05-27T20:43:40.869Z" },
    { url = "https://files.pythonhosted.org/packages/45/f9/8fc1fa832b596360c64b2ba4771782f53d4bef9f52f5affb438a42a78425/lingua_language_detector-2.1.1-pp311-pypy311_pp73-manylinux_2_17_x86_64.manylinux2014_x86_64.whl", hash = "sha256:98f6128ea7b6122b23dab9168cd447fe85a3cc90d0272b7ea67034453715d306", size = 96235444, upload-time = "2025-05-27T20:43:48.403Z" },
    { url = "https://files.pythonhosted.org/packages/dc/99/ed79463a1a3cc91cf5f48f4f9083b64b6b642e63d75a42c33f594cd1c942/lingua_language_detector-2.1.1-pp311-pypy311_pp73-musllinux_1_2_aarch64.whl", hash = "sha256:178b65db951cdfbd17d05a2eb629e177e5495e57e2b41b6789e82db4df126ff7", size = 96338252, upload-time = "2025-05-27T20:43:54.834Z" },
    { url = "https://files.pythonhosted.org/packages/05/56/da535866dac54f9738e49ba7473004d4400ef937c0467e1267f8cd9901b2/lingua_language_detector-2.1.1-pp311-pypy311_pp73-musllinux_1_2_x86_64.whl", hash = "sha256:1703cd369d74bde4fd6df8f21988c66231d8c85589e7ce535c3e251e0d4ee4c5", size = 96406052, upload-time = "2025-05-27T20:44:01.578Z" },
]

[[package]]
name = "mako"
version = "1.3.12"
source = { registry = "https://pypi.org/simple" }
dependencies = [
    { name = "markupsafe" },
]
sdist = { url = "https://files.pythonhosted.org/packages/00/62/791b31e69ae182791ec67f04850f2f062716bbd205483d63a215f3e062d3/mako-1.3.12.tar.gz", hash = "sha256:9f778e93289bd410bb35daadeb4fc66d95a746f0b75777b942088b7fd7af550a", size = 400219, upload-time = "2026-04-28T19:01:08.512Z" }
wheels = [
    { url = "https://files.pythonhosted.org/packages/bc/b1/a0ec7a5a9db730a08daef1fdfb8090435b82465abbf758a596f0ea88727e/mako-1.3.12-py3-none-any.whl", hash = "sha256:8f61569480282dbf557145ce441e4ba888be453c30989f879f0d652e39f53ea9", size = 78521, upload-time = "2026-04-28T19:01:10.393Z" },
]

[[package]]
name = "markupsafe"
version = "3.0.3"
source = { registry = "https://pypi.org/simple" }
sdist = { url = "https://files.pythonhosted.org/packages/7e/99/7690b6d4034fffd95959cbe0c02de8deb3098cc577c67bb6a24fe5d7caa7/markupsafe-3.0.3.tar.gz", hash = "sha256:722695808f4b6457b320fdc131280796bdceb04ab50fe1795cd540799ebe1698", size = 80313, upload-time = "2025-09-27T18:37:40.426Z" }
wheels = [
    { url = "https://files.pythonhosted.org/packages/08/db/fefacb2136439fc8dd20e797950e749aa1f4997ed584c62cfb8ef7c2be0e/markupsafe-3.0.3-cp311-cp311-macosx_10_9_x86_64.whl", hash = "sha256:1cc7ea17a6824959616c525620e387f6dd30fec8cb44f649e31712db02123dad", size = 11631, upload-time = "2025-09-27T18:36:18.185Z" },
    { url = "https://files.pythonhosted.org/packages/e1/2e/5898933336b61975ce9dc04decbc0a7f2fee78c30353c5efba7f2d6ff27a/markupsafe-3.0.3-cp311-cp311-macosx_11_0_arm64.whl", hash = "sha256:4bd4cd07944443f5a265608cc6aab442e4f74dff8088b0dfc8238647b8f6ae9a", size = 12058, upload-time = "2025-09-27T18:36:19.444Z" },
    { url = "https://files.pythonhosted.org/packages/1d/09/adf2df3699d87d1d8184038df46a9c80d78c0148492323f4693df54e17bb/markupsafe-3.0.3-cp311-cp311-manylinux2014_aarch64.manylinux_2_17_aarch64.manylinux_2_28_aarch64.whl", hash = "sha256:6b5420a1d9450023228968e7e6a9ce57f65d148ab56d2313fcd589eee96a7a50", size = 24287, upload-time = "2025-09-27T18:36:20.768Z" },
    { url = "https://files.pythonhosted.org/packages/30/ac/0273f6fcb5f42e314c6d8cd99effae6a5354604d461b8d392b5ec9530a54/markupsafe-3.0.3-cp311-cp311-manylinux2014_x86_64.manylinux_2_17_x86_64.manylinux_2_28_x86_64.whl", hash = "sha256:0bf2a864d67e76e5c9a34dc26ec616a66b9888e25e7b9460e1c76d3293bd9dbf", size = 22940, upload-time = "2025-09-27T18:36:22.249Z" },
    { url = "https://files.pythonhosted.org/packages/19/ae/31c1be199ef767124c042c6c3e904da327a2f7f0cd63a0337e1eca2967a8/markupsafe-3.0.3-cp311-cp311-manylinux_2_31_riscv64.manylinux_2_39_riscv64.whl", hash = "sha256:bc51efed119bc9cfdf792cdeaa4d67e8f6fcccab66ed4bfdd6bde3e59bfcbb2f", size = 21887, upload-time = "2025-09-27T18:36:23.535Z" },
    { url = "https://files.pythonhosted.org/packages/b2/76/7edcab99d5349a4532a459e1fe64f0b0467a3365056ae550d3bcf3f79e1e/markupsafe-3.0.3-cp311-cp311-musllinux_1_2_aarch64.whl", hash = "sha256:068f375c472b3e7acbe2d5318dea141359e6900156b5b2ba06a30b169086b91a", size = 23692, upload-time = "2025-09-27T18:36:24.823Z" },
    { url = "https://files.pythonhosted.org/packages/a4/28/6e74cdd26d7514849143d69f0bf2399f929c37dc2b31e6829fd2045b2765/markupsafe-3.0.3-cp311-cp311-musllinux_1_2_riscv64.whl", hash = "sha256:7be7b61bb172e1ed687f1754f8e7484f1c8019780f6f6b0786e76bb01c2ae115", size = 21471, upload-time = "2025-09-27T18:36:25.95Z" },
    { url = "https://files.pythonhosted.org/packages/62/7e/a145f36a5c2945673e590850a6f8014318d5577ed7e5920a4b3448e0865d/markupsafe-3.0.3-cp311-cp311-musllinux_1_2_x86_64.whl", hash = "sha256:f9e130248f4462aaa8e2552d547f36ddadbeaa573879158d721bbd33dfe4743a", size = 22923, upload-time = "2025-09-27T18:36:27.109Z" },
    { url = "https://files.pythonhosted.org/packages/0f/62/d9c46a7f5c9adbeeeda52f5b8d802e1094e9717705a645efc71b0913a0a8/markupsafe-3.0.3-cp311-cp311-win32.whl", hash = "sha256:0db14f5dafddbb6d9208827849fad01f1a2609380add406671a26386cdf15a19", size = 14572, upload-time = "2025-09-27T18:36:28.045Z" },
    { url = "https://files.pythonhosted.org/packages/83/8a/4414c03d3f891739326e1783338e48fb49781cc915b2e0ee052aa490d586/markupsafe-3.0.3-cp311-cp311-win_amd64.whl", hash = "sha256:de8a88e63464af587c950061a5e6a67d3632e36df62b986892331d4620a35c01", size = 15077, upload-time = "2025-09-27T18:36:29.025Z" },
    { url = "https://files.pythonhosted.org/packages/35/73/893072b42e6862f319b5207adc9ae06070f095b358655f077f69a35601f0/markupsafe-3.0.3-cp311-cp311-win_arm64.whl", hash = "sha256:3b562dd9e9ea93f13d53989d23a7e775fdfd1066c33494ff43f5418bc8c58a5c", size = 13876, upload-time = "2025-09-27T18:36:29.954Z" },
]

[[package]]
name = "msgspec"
version = "0.21.1"
source = { registry = "https://pypi.org/simple" }
sdist = { url = "https://files.pythonhosted.org/packages/e3/60/f79b9b013a16fa3a58350c9295ddc6789f2e335f36ea61ed10a21b215364/msgspec-0.21.1.tar.gz", hash = "sha256:2313508e394b0d208f8f56892ca9b2799e2561329de9763b19619595a6c0f72c", size = 319193, upload-time = "2026-04-12T21:44:50.394Z" }
wheels = [
    { url = "https://files.pythonhosted.org/packages/ba/7f/bbc4e74cd33d316b75541149e4d35b163b63bce066530ae185a2ec3b5bfc/msgspec-0.21.1-cp311-cp311-macosx_10_9_x86_64.whl", hash = "sha256:b504b6e7f7a22a24b27232b73034421692147865162daaec9f3bf62439007c87", size = 193131, upload-time = "2026-04-12T21:43:56.094Z" },
    { url = "https://files.pythonhosted.org/packages/c1/60/504886af1aaf854112663b842d5eea9a15d9588f9bf7d0d2df736424b84d/msgspec-0.21.1-cp311-cp311-macosx_11_0_arm64.whl", hash = "sha256:4692b7c1609155708c4418f88e92f63c13fdf08aa095c84bae82bad75b53389b", size = 186597, upload-time = "2026-04-12T21:43:57.242Z" },
    { url = "https://files.pythonhosted.org/packages/fa/54/d24ddeaa65b5278c9e67f48ce3c17a9831e8f3722f3c8322ee120aca22ef/msgspec-0.21.1-cp311-cp311-manylinux2014_aarch64.manylinux_2_17_aarch64.manylinux_2_28_aarch64.whl", hash = "sha256:d3124010b3815451494c85ff345e693cb9fe5889cfcbbef39ed8622e0e72319c", size = 215158, upload-time = "2026-04-12T21:43:58.442Z" },
    { url = "https://files.pythonhosted.org/packages/9f/75/bb79c8b89a93ae23cd33c0d802373f16feaf9633f05d8af77091350dda0a/msgspec-0.21.1-cp311-cp311-manylinux2014_x86_64.manylinux_2_17_x86_64.manylinux_2_28_x86_64.whl", hash = "sha256:6badc03b9725352219cca017bfe71c61f2fbd0fb5982b410ac17c97c213deb30", size = 219856, upload-time = "2026-04-12T21:44:00.015Z" },
    { url = "https://files.pythonhosted.org/packages/b4/9c/c5ca26b46f0ebbd3a6683695ef89396712cb9e4199fd1f0bc1dd968216b1/msgspec-0.21.1-cp311-cp311-musllinux_1_2_aarch64.whl", hash = "sha256:5d2d4116ebe3035a78d9ec76e99a9d64e5fa6d44fe61a9c5de7fd1acf54bcc69", size = 220314, upload-time = "2026-04-12T21:44:01.548Z" },
    { url = "https://files.pythonhosted.org/packages/c8/31/645a351c4285dce40ed6755c3dcc0aa648e26dacb20a98018fe2cce5e87b/msgspec-0.21.1-cp311-cp311-musllinux_1_2_x86_64.whl", hash = "sha256:0d1009f6715f5bff3b54d4ff5c7428ad96197e0534e1645b8e9b955890c84664", size = 223215, upload-time = "2026-04-12T21:44:02.884Z" },
    { url = "https://files.pythonhosted.org/packages/09/af/8bf15736a6dd3cb4f90c5467f6dc39197d2daaf10754490cdc0aa17b7312/msgspec-0.21.1-cp311-cp311-win_amd64.whl", hash = "sha256:c6faffe5bb644ec884052679af4dfd776d4b5ca90e4a7ec7e7e319e4e6b93a6e", size = 188554, upload-time = "2026-04-12T21:44:04.151Z" },
    { url = "https://files.pythonhosted.org/packages/ef/29/cc7db3a165b62d16e64a83f82eccb79655055cb5bc1f60459a6f9d7c82f2/msgspec-0.21.1-cp311-cp311-win_arm64.whl", hash = "sha256:ee9e3f11fa94603f7d673bf795cfa31b549c4a2c723bc39b45beb1e7f5a3fb99", size = 174517, upload-time = "2026-04-12T21:44:05.66Z" },
]

[[package]]
name = "nh3"
version = "0.3.5"
source = { registry = "https://pypi.org/simple" }
sdist = { url = "https://files.pythonhosted.org/packages/9c/5f/1d19bdc7d27238e37f3672cdc02cb77c56a4a86d140cd4f4f23c90df6e16/nh3-0.3.5.tar.gz", hash = "sha256:45855e14ff056064fec77133bfcf7cd691838168e5e17bbef075394954dc9dc8", size = 20743, upload-time = "2026-04-25T10:44:16.066Z" }
wheels = [
    { url = "https://files.pythonhosted.org/packages/85/30/d162e99746a2fb1d98bb0ef23af3e201b156cf09f7de867c7390c8fe1c06/nh3-0.3.5-cp38-abi3-macosx_10_12_x86_64.macosx_11_0_arm64.macosx_10_12_universal2.whl", hash = "sha256:3bb854485c9b33e5bb143ff3e49e577073bc6bc320f0ff8fc316dd89c0d3c101", size = 1442393, upload-time = "2026-04-25T10:43:53.556Z" },
    { url = "https://files.pythonhosted.org/packages/25/8c/072120d506978ab053e1732d0efa7c86cb478fee0ee098fda0ac0d31cb34/nh3-0.3.5-cp38-abi3-manylinux_2_17_aarch64.manylinux2014_aarch64.whl", hash = "sha256:50d401ab2d8e86d59e2126e3ab2a2f45840c405842b626d9a51624b3a33b6878", size = 837722, upload-time = "2026-04-25T10:43:55.073Z" },
    { url = "https://files.pythonhosted.org/packages/52/86/d4e06e28c5ad1c4b065f89737d02631bd49f1660b6ebcf17a87ffcd201da/nh3-0.3.5-cp38-abi3-manylinux_2_17_armv7l.manylinux2014_armv7l.whl", hash = "sha256:acfd354e61accbe4c74f8017c6e397a776916dfe47c48643cf7fd84ade826f93", size = 822872, upload-time = "2026-04-25T10:43:56.581Z" },
    { url = "https://files.pythonhosted.org/packages/0a/62/50659255213f241ec5797ae7427464c969397373e83b3659372b341ae869/nh3-0.3.5-cp38-abi3-manylinux_2_17_ppc64.manylinux2014_ppc64.whl", hash = "sha256:52d877980d7ca01dc3baf3936bf844828bc6f332962227a684ed79c18cce14c3", size = 1100031, upload-time = "2026-04-25T10:43:58.098Z" },
    { url = "https://files.pythonhosted.org/packages/00/7a/a12ae77593b2fcf3be25df7bc1c01967d0de448bdb4b6c7ec80fe4f5a74f/nh3-0.3.5-cp38-abi3-manylinux_2_17_ppc64le.manylinux2014_ppc64le.whl", hash = "sha256:207c01801d3e9bb8ec08f08689346bdd30ce15b8bf60013a925d08b5388962a4", size = 1057669, upload-time = "2026-04-25T10:43:59.328Z" },
    { url = "https://files.pythonhosted.org/packages/2d/71/5647dc04c0233192a3956fc91708822b21403a06508cacf78083c68e7bf0/nh3-0.3.5-cp38-abi3-manylinux_2_17_s390x.manylinux2014_s390x.whl", hash = "sha256:ea232933394d1d58bf7c4bb348dc4660eae6604e1ae81cd2ba6d9ed80d390f3b", size = 914795, upload-time = "2026-04-25T10:44:00.52Z" },
    { url = "https://files.pythonhosted.org/packages/1b/0e/bf298920729f216adcb002acf7ea01b90842603d2e4e2ce9b900d9ee8fab/nh3-0.3.5-cp38-abi3-manylinux_2_17_x86_64.manylinux2014_x86_64.whl", hash = "sha256:fe3a787dc76b50de6bee54ef242f26c41dfe47654428e3e94f0fae5bb6dd2cc1", size = 806976, upload-time = "2026-04-25T10:44:01.743Z" },
    { url = "https://files.pythonhosted.org/packages/85/01/26761e1dc2b848e65a62c19e5d39ad446283287cd4afddc89f364ab86bc9/nh3-0.3.5-cp38-abi3-manylinux_2_31_riscv64.whl", hash = "sha256:488928988caad25ba14b1eb5bc74e25e21f3b5e40341d956f3ce4a8bc19460dc", size = 834904, upload-time = "2026-04-25T10:44:03.454Z" },
    { url = "https://files.pythonhosted.org/packages/33/53/0766113e679540ac1edc1b82b1295aecd321eeb75d6fead70109a838b6ee/nh3-0.3.5-cp38-abi3-manylinux_2_5_i686.manylinux1_i686.whl", hash = "sha256:2c069570b06aa848457713ad7af4a9905691291548c4466a9ad78ee95808382b", size = 857159, upload-time = "2026-04-25T10:44:05.003Z" },
    { url = "https://files.pythonhosted.org/packages/58/36/734d353dfaf292fed574b8b3092f0ef79dc6404f3879f7faaa61a4701fad/nh3-0.3.5-cp38-abi3-musllinux_1_2_aarch64.whl", hash = "sha256:eeedc90ed8c42c327e8e10e621ccfa314fc6cce35d5929f4297ff1cdb89667c4", size = 1018600, upload-time = "2026-04-25T10:44:06.18Z" },
    { url = "https://files.pythonhosted.org/packages/6b/aa/d9c59c1b49669fcb7bababa55df82385f029ad5c2651f583c3a1141cfdd1/nh3-0.3.5-cp38-abi3-musllinux_1_2_armv7l.whl", hash = "sha256:de8e8621853b6470fe928c684ee0d3f39ea8086cebafe4c416486488dea7b68d", size = 1103530, upload-time = "2026-04-25T10:44:07.68Z" },
    { url = "https://files.pythonhosted.org/packages/90/b0/cdd210bfb8d9d43fb02fc3c868336b9955934d8e15e66eb1d15a147b8af0/nh3-0.3.5-cp38-abi3-musllinux_1_2_i686.whl", hash = "sha256:6ea58cc44d274c643b83547ca9654a0b1a817609b160601356f76a2b744c49ad", size = 1061754, upload-time = "2026-04-25T10:44:09.362Z" },
    { url = "https://files.pythonhosted.org/packages/ce/cb/7a39e72e668c8445bdd95e494b3e21cfdddc68329be8ea3522c8befb46c4/nh3-0.3.5-cp38-abi3-musllinux_1_2_x86_64.whl", hash = "sha256:e49c9b564e6bcb03ecd2f057213df9a0de15a95812ac9db9600b590db23d3ae9", size = 1040938, upload-time = "2026-04-25T10:44:10.775Z" },
    { url = "https://files.pythonhosted.org/packages/af/4c/fc2f9ed208a3801a319f59b5fea03cdc20cf3bd8af14be930d3a8de01224/nh3-0.3.5-cp38-abi3-win32.whl", hash = "sha256:559e4c73b689e9a7aa97ac9760b1bc488038d7c1a575aa4ab5a0e19ee9630c0f", size = 611445, upload-time = "2026-04-25T10:44:12.317Z" },
    { url = "https://files.pythonhosted.org/packages/db/1a/e4c9b5e2ae13e6092c9ec16d8ca30646cb01fcdea245f36c5b08fd21fbd5/nh3-0.3.5-cp38-abi3-win_amd64.whl", hash = "sha256:45e6a65dc88a300a2e3502cb9c8e6d1d6b831d6fba7470643333609c6aab1f30", size = 626502, upload-time = "2026-04-25T10:44:13.682Z" },
    { url = "https://files.pythonhosted.org/packages/80/7c/19cd0671d1ba2762fb388fc149697d20d0568ccfeef833b11280a619e526/nh3-0.3.5-cp38-abi3-win_arm64.whl", hash = "sha256:8f85285700a18e9f3fc5bff41fe573fa84f81542ef13b48a89f9fecca0474d3b", size = 611069, upload-time = "2026-04-25T10:44:14.934Z" },
]

[[package]]
name = "packaging"
version = "26.2"
source = { registry = "https://pypi.org/simple" }
sdist = { url = "https://files.pythonhosted.org/packages/d7/f1/e7a6dd94a8d4a5626c03e4e99c87f241ba9e350cd9e6d75123f992427270/packaging-26.2.tar.gz", hash = "sha256:ff452ff5a3e828ce110190feff1178bb1f2ea2281fa2075aadb987c2fb221661", size = 228134, upload-time = "2026-04-24T20:15:23.917Z" }
wheels = [
    { url = "https://files.pythonhosted.org/packages/df/b2/87e62e8c3e2f4b32e5fe99e0b86d576da1312593b39f47d8ceef365e95ed/packaging-26.2-py3-none-any.whl", hash = "sha256:5fc45236b9446107ff2415ce77c807cee2862cb6fac22b8a73826d0693b0980e", size = 100195, upload-time = "2026-04-24T20:15:22.081Z" },
]

[[package]]
name = "pluggy"
version = "1.6.0"
source = { registry = "https://pypi.org/simple" }
sdist = { url = "https://files.pythonhosted.org/packages/f9/e2/3e91f31a7d2b083fe6ef3fa267035b518369d9511ffab804f839851d2779/pluggy-1.6.0.tar.gz", hash = "sha256:7dcc130b76258d33b90f61b658791dede3486c3e6bfb003ee5c9bfb396dd22f3", size = 69412, upload-time = "2025-05-15T12:30:07.975Z" }
wheels = [
    { url = "https://files.pythonhosted.org/packages/54/20/4d324d65cc6d9205fabedc306948156824eb9f0ee1633355a8f7ec5c66bf/pluggy-1.6.0-py3-none-any.whl", hash = "sha256:e920276dd6813095e9377c0bc5566d94c932c33b27a3e3945d8389c374dd4746", size = 20538, upload-time = "2025-05-15T12:30:06.134Z" },
]

[[package]]
name = "pygments"
version = "2.20.0"
source = { registry = "https://pypi.org/simple" }
sdist = { url = "https://files.pythonhosted.org/packages/c3/b2/bc9c9196916376152d655522fdcebac55e66de6603a76a02bca1b6414f6c/pygments-2.20.0.tar.gz", hash = "sha256:6757cd03768053ff99f3039c1a36d6c0aa0b263438fcab17520b30a303a82b5f", size = 4955991, upload-time = "2026-03-29T13:29:33.898Z" }
wheels = [
    { url = "https://files.pythonhosted.org/packages/f4/7e/a72dd26f3b0f4f2bf1dd8923c85f7ceb43172af56d63c7383eb62b332364/pygments-2.20.0-py3-none-any.whl", hash = "sha256:81a9e26dd42fd28a23a2d169d86d7ac03b46e2f8b59ed4698fb4785f946d0176", size = 1231151, upload-time = "2026-03-29T13:29:30.038Z" },
]

[[package]]
name = "pymysql"
version = "1.1.2"
source = { registry = "https://pypi.org/simple" }
sdist = { url = "https://files.pythonhosted.org/packages/f5/ae/1fe3fcd9f959efa0ebe200b8de88b5a5ce3e767e38c7ac32fb179f16a388/pymysql-1.1.2.tar.gz", hash = "sha256:4961d3e165614ae65014e361811a724e2044ad3ea3739de9903ae7c21f539f03", size = 48258, upload-time = "2025-08-24T12:55:55.146Z" }
wheels = [
    { url = "https://files.pythonhosted.org/packages/7c/4c/ad33b92b9864cbde84f259d5df035a6447f91891f5be77788e2a3892bce3/pymysql-1.1.2-py3-none-any.whl", hash = "sha256:e6b1d89711dd51f8f74b1631fe08f039e7d76cf67a42a323d3178f0f25762ed9", size = 45300, upload-time = "2025-08-24T12:55:53.394Z" },
]

[[package]]
name = "pytest"
version = "9.0.3"
source = { registry = "https://pypi.org/simple" }
dependencies = [
    { name = "colorama", marker = "sys_platform == 'win32'" },
    { name = "iniconfig" },
    { name = "packaging" },
    { name = "pluggy" },
    { name = "pygments" },
]
sdist = { url = "https://files.pythonhosted.org/packages/7d/0d/549bd94f1a0a402dc8cf64563a117c0f3765662e2e668477624baeec44d5/pytest-9.0.3.tar.gz", hash = "sha256:b86ada508af81d19edeb213c681b1d48246c1a91d304c6c81a427674c17eb91c", size = 1572165, upload-time = "2026-04-07T17:16:18.027Z" }
wheels = [
    { url = "https://files.pythonhosted.org/packages/d4/24/a372aaf5c9b7208e7112038812994107bc65a84cd00e0354a88c2c77a617/pytest-9.0.3-py3-none-any.whl", hash = "sha256:2c5efc453d45394fdd706ade797c0a81091eccd1d6e4bccfcd476e2b8e0ab5d9", size = 375249, upload-time = "2026-04-07T17:16:16.13Z" },
]

[[package]]
name = "requests"
version = "2.33.1"
source = { registry = "https://pypi.org/simple" }
dependencies = [
    { name = "certifi" },
    { name = "charset-normalizer" },
    { name = "idna" },
    { name = "urllib3" },
]
sdist = { url = "https://files.pythonhosted.org/packages/5f/a4/98b9c7c6428a668bf7e42ebb7c79d576a1c3c1e3ae2d47e674b468388871/requests-2.33.1.tar.gz", hash = "sha256:18817f8c57c6263968bc123d237e3b8b08ac046f5456bd1e307ee8f4250d3517", size = 134120, upload-time = "2026-03-30T16:09:15.531Z" }
wheels = [
    { url = "https://files.pythonhosted.org/packages/d7/8e/7540e8a2036f79a125c1d2ebadf69ed7901608859186c856fa0388ef4197/requests-2.33.1-py3-none-any.whl", hash = "sha256:4e6d1ef462f3626a1f0a0a9c42dd93c63bad33f9f1c1937509b8c5c8718ab56a", size = 64947, upload-time = "2026-03-30T16:09:13.83Z" },
]

[[package]]
name = "sqlalchemy"
version = "2.0.49"
source = { registry = "https://pypi.org/simple" }
dependencies = [
    { name = "greenlet", marker = "platform_machine == 'AMD64' or platform_machine == 'WIN32' or platform_machine == 'aarch64' or platform_machine == 'amd64' or platform_machine == 'ppc64le' or platform_machine == 'win32' or platform_machine == 'x86_64'" },
    { name = "typing-extensions" },
]
sdist = { url = "https://files.pythonhosted.org/packages/09/45/461788f35e0364a8da7bda51a1fe1b09762d0c32f12f63727998d85a873b/sqlalchemy-2.0.49.tar.gz", hash = "sha256:d15950a57a210e36dd4cec1aac22787e2a4d57ba9318233e2ef8b2daf9ff2d5f", size = 9898221, upload-time = "2026-04-03T16:38:11.704Z" }
wheels = [
    { url = "https://files.pythonhosted.org/packages/60/b5/e3617cc67420f8f403efebd7b043128f94775e57e5b84e7255203390ceae/sqlalchemy-2.0.49-cp311-cp311-macosx_11_0_arm64.whl", hash = "sha256:c5070135e1b7409c4161133aa525419b0062088ed77c92b1da95366ec5cbebbe", size = 2159126, upload-time = "2026-04-03T16:50:13.242Z" },
    { url = "https://files.pythonhosted.org/packages/20/9b/91ca80403b17cd389622a642699e5f6564096b698e7cdcbcbb6409898bc4/sqlalchemy-2.0.49-cp311-cp311-manylinux2014_aarch64.manylinux_2_17_aarch64.manylinux_2_28_aarch64.whl", hash = "sha256:9ac7a3e245fd0310fd31495eb61af772e637bdf7d88ee81e7f10a3f271bff014", size = 3315509, upload-time = "2026-04-03T16:54:49.332Z" },
    { url = "https://files.pythonhosted.org/packages/b1/61/0722511d98c54de95acb327824cb759e8653789af2b1944ab1cc69d32565/sqlalchemy-2.0.49-cp311-cp311-manylinux2014_x86_64.manylinux_2_17_x86_64.manylinux_2_28_x86_64.whl", hash = "sha256:4d4e5a0ceba319942fa6b585cf82539288a61e314ef006c1209f734551ab9536", size = 3315014, upload-time = "2026-04-03T16:56:56.376Z" },
    { url = "https://files.pythonhosted.org/packages/46/55/d514a653ffeb4cebf4b54c47bec32ee28ad89d39fafba16eeed1d81dccd5/sqlalchemy-2.0.49-cp311-cp311-musllinux_1_2_aarch64.whl", hash = "sha256:3ddcb27fb39171de36e207600116ac9dfd4ae46f86c82a9bf3934043e80ebb88", size = 3267388, upload-time = "2026-04-03T16:54:51.272Z" },
    { url = "https://files.pythonhosted.org/packages/2f/16/0dcc56cb6d3335c1671a2258f5d2cb8267c9a2260e27fde53cbfb1b3540a/sqlalchemy-2.0.49-cp311-cp311-musllinux_1_2_x86_64.whl", hash = "sha256:32fe6a41ad97302db2931f05bb91abbcc65b5ce4c675cd44b972428dd2947700", size = 3289602, upload-time = "2026-04-03T16:56:57.63Z" },
    { url = "https://files.pythonhosted.org/packages/51/6c/f8ab6fb04470a133cd80608db40aa292e6bae5f162c3a3d4ab19544a67af/sqlalchemy-2.0.49-cp311-cp311-win32.whl", hash = "sha256:46d51518d53edfbe0563662c96954dc8fcace9832332b914375f45a99b77cc9a", size = 2119044, upload-time = "2026-04-03T17:00:53.455Z" },
    { url = "https://files.pythonhosted.org/packages/c4/59/55a6d627d04b6ebb290693681d7683c7da001eddf90b60cfcc41ee907978/sqlalchemy-2.0.49-cp311-cp311-win_amd64.whl", hash = "sha256:951d4a210744813be63019f3df343bf233b7432aadf0db54c75802247330d3af", size = 2143642, upload-time = "2026-04-03T17:00:54.769Z" },
    { url = "https://files.pythonhosted.org/packages/e5/30/8519fdde58a7bdf155b714359791ad1dc018b47d60269d5d160d311fdc36/sqlalchemy-2.0.49-py3-none-any.whl", hash = "sha256:ec44cfa7ef1a728e88ad41674de50f6db8cfdb3e2af84af86e0041aaf02d43d0", size = 1942158, upload-time = "2026-04-03T16:53:44.135Z" },
]

[[package]]
name = "typing-extensions"
version = "4.15.0"
source = { registry = "https://pypi.org/simple" }
sdist = { url = "https://files.pythonhosted.org/packages/72/94/1a15dd82efb362ac84269196e94cf00f187f7ed21c242792a923cdb1c61f/typing_extensions-4.15.0.tar.gz", hash = "sha256:0cea48d173cc12fa28ecabc3b837ea3cf6f38c6d1136f85cbaaf598984861466", size = 109391, upload-time = "2025-08-25T13:49:26.313Z" }
wheels = [
    { url = "https://files.pythonhosted.org/packages/18/67/36e9267722cc04a6b9f15c7f3441c2363321a3ea07da7ae0c0707beb2a9c/typing_extensions-4.15.0-py3-none-any.whl", hash = "sha256:f0fa19c6845758ab08074a0cfa8b7aecb71c999ca73d62883bc25cc018c4e548", size = 44614, upload-time = "2025-08-25T13:49:24.86Z" },
]

[[package]]
name = "urllib3"
version = "2.6.3"
source = { registry = "https://pypi.org/simple" }
sdist = { url = "https://files.pythonhosted.org/packages/c7/24/5f1b3bdffd70275f6661c76461e25f024d5a38a46f04aaca912426a2b1d3/urllib3-2.6.3.tar.gz", hash = "sha256:1b62b6884944a57dbe321509ab94fd4d3b307075e0c2eae991ac71ee15ad38ed", size = 435556, upload-time = "2026-01-07T16:24:43.925Z" }
wheels = [
    { url = "https://files.pythonhosted.org/packages/39/08/aaaad47bc4e9dc8c725e68f9d04865dbcb2052843ff09c97b08904852d84/urllib3-2.6.3-py3-none-any.whl", hash = "sha256:bf272323e553dfb2e87d9bfd225ca7b0f467b919d7bbd355436d3fd37cb0acd4", size = 131584, upload-time = "2026-01-07T16:24:42.685Z" },
]

[[package]]
name = "werkzeug"
version = "3.1.8"
source = { registry = "https://pypi.org/simple" }
dependencies = [
    { name = "markupsafe" },
]
sdist = { url = "https://files.pythonhosted.org/packages/dd/b2/381be8cfdee792dd117872481b6e378f85c957dd7c5bca38897b08f765fd/werkzeug-3.1.8.tar.gz", hash = "sha256:9bad61a4268dac112f1c5cd4630a56ede601b6ed420300677a869083d70a4c44", size = 875852, upload-time = "2026-04-02T18:49:14.268Z" }
wheels = [
    { url = "https://files.pythonhosted.org/packages/93/8c/2e650f2afeb7ee576912636c23ddb621c91ac6a98e66dc8d29c3c69446e1/werkzeug-3.1.8-py3-none-any.whl", hash = "sha256:63a77fb8892bf28ebc3178683445222aa500e48ebad5ec77b0ad80f8726b1f50", size = 226459, upload-time = "2026-04-02T18:49:12.72Z" },
]
